
Microsoft Visual Studio Solution File, Format Version 12.00
# Visual Studio Version 17
VisualStudioVersion = 17.11.35312.102
MinimumVisualStudioVersion = 10.0.40219.1
Project("{8BC9CEB8-8B4A-11D0-8D11-00A0C91BC942}") = "Thread_Pool", "Thread_Pool.vcxproj", "{40B97E22-970A-4CBF-B030-B0CF8E31D547}"
EndProject
Project("{8BC9CEB8-8B4A-11D0-8D11-00A0C91BC942}") = "Open_Thread_Pool", "..\Open_Thread_Pool\Open_Thread_Pool.vcxproj", "{4DE69D90-90EA-47F7-816B-11EF412E6D0F}"
EndProject
Global
	GlobalSection(SolutionConfigurationPlatforms) = preSolution
		Debug|x64 = Debug|x64
		Debug|x86 = Debug|x86
		Release|x64 = Release|x64
		Release|x86 = Release|x86
	EndGlobalSection
	GlobalSection(ProjectConfigurationPlatforms) = postSolution
		{40B97E22-970A-4CBF-B030-B0CF8E31D547}.Debug|x64.ActiveCfg = Debug|x64
		{40B97E22-970A-4CBF-B030-B0CF8E31D547}.Debug|x64.Build.0 = Debug|x64
		{40B97E22-970A-4CBF-B030-B0CF8E31D547}.Debug|x86.ActiveCfg = Debug|Win32
		{40B97E22-970A-4CBF-B030-B0CF8E31D547}.Debug|x86.Build.0 = Debug|Win32
		{40B97E22-970A-4CBF-B030-B0CF8E31D547}.Release|x64.ActiveCfg = Release|x64
		{40B97E22-970A-4CBF-B030-B0CF8E31D547}.Release|x64.Build.0 = Release|x64
		{40B97E22-970A-4CBF-B030-B0CF8E31D547}.Release|x86.ActiveCfg = Release|Win32
		{40B97E22-970A-4CBF-B030-B0CF8E31D547}.Release|x86.Build.0 = Release|Win32
		{4DE69D90-90EA-47F7-816B-11EF412E6D0F}.Debug|x64.ActiveCfg = Debug|x64
		{4DE69D90-90EA-47F7-816B-11EF412E6D0F}.Debug|x64.Build.0 = Debug|x64
		{4DE69D90-90EA-47F7-816B-11EF412E6D0F}.Debug|x86.ActiveCfg = Debug|Win32
		{4DE69D90-90EA-47F7-816B-11EF412E6D0F}.Debug|x86.Build.0 = Debug|Win32
		{4DE69D90-90EA-47F7-816B-11EF412E6D0F}.Release|x64.ActiveCfg = Release|x64
		{4DE69D90-90EA-47F7-816B-11EF412E6D0F}.Release|x64.Build.0 = Release|x64
		{4DE69D90-90EA-47F7-816B-11EF412E6D0F}.Release|x86.ActiveCfg = Release|Win32
		{4DE69D90-90EA-47F7-816B-11EF412E6D0F}.Release|x86.Build.0 = Release|Win32
	EndGlobalSection
	GlobalSection(SolutionProperties) = preSolution
		HideSolutionNode = FALSE
	EndGlobalSection
	GlobalSection(ExtensibilityGlobals) = postSolution
		SolutionGuid = {036B0F2E-8A90-4A24-B29D-7972405AE054}
	EndGlobalSection
EndGlobal
